
Microsoft Visual Studio Solution File, Format Version 12.00
# Visual Studio Version 17
VisualStudioVersion = 17.14.36310.24 d17.14
MinimumVisualStudioVersion = 10.0.40219.1
Project("{FAE04EC0-301F-11D3-BF4B-00C04F79EFBC}") = "Blog_API", "Blog_API\Blog_API.csproj", "{FA848DD2-1800-4911-873E-1A6CE267E8CA}"
EndProject
Global
	GlobalSection(SolutionConfigurationPlatforms) = preSolution
		Debug|Any CPU = Debug|Any CPU
		Release|Any CPU = Release|Any CPU
	EndGlobalSection
	GlobalSection(ProjectConfigurationPlatforms) = postSolution
		{FA848DD2-1800-4911-873E-1A6CE267E8CA}.Debug|Any CPU.ActiveCfg = Debug|Any CPU
		{FA848DD2-1800-4911-873E-1A6CE267E8CA}.Debug|Any CPU.Build.0 = Debug|Any CPU
		{FA848DD2-1800-4911-873E-1A6CE267E8CA}.Release|Any CPU.ActiveCfg = Release|Any CPU
		{FA848DD2-1800-4911-873E-1A6CE267E8CA}.Release|Any CPU.Build.0 = Release|Any CPU
	EndGlobalSection
	GlobalSection(SolutionProperties) = preSolution
		HideSolutionNode = FALSE
	EndGlobalSection
	GlobalSection(ExtensibilityGlobals) = postSolution
		SolutionGuid = {8E1E19E9-333F-4149-BD56-410D370C3A82}
	EndGlobalSection
EndGlobal
